
Microsoft Visual Studio Solution File, Format Version 12.00
# Visual Studio Version 16
VisualStudioVersion = 16.0.810.14
MinimumVisualStudioVersion = 10.0.40219.1
Project("{FAE04EC0-301F-11D3-BF4B-00C04F79EFBC}") = "FakeIT", "FakeIT.csproj", "{7C2039EC-2439-40E7-BEDC-93056281892A}"
EndProject
Project("{2150E333-8FDC-42A3-9474-1A3956D46DE8}") = "Tests", "Tests", "{1ABA0E8D-2D22-4C16-B947-39352D244B23}"
EndProject
Project("{FAE04EC0-301F-11D3-BF4B-00C04F79EFBC}") = "FakeitTests", "..\Tests\FakeitTests\FakeitTests.csproj", "{47E4B828-E8BA-40B8-801B-04974DFEB34E}"
EndProject
Global
	GlobalSection(SolutionConfigurationPlatforms) = preSolution
		Debug|Any CPU = Debug|Any CPU
		Release|Any CPU = Release|Any CPU
	EndGlobalSection
	GlobalSection(ProjectConfigurationPlatforms) = postSolution
		{7C2039EC-2439-40E7-BEDC-93056281892A}.Debug|Any CPU.ActiveCfg = Debug|Any CPU
		{7C2039EC-2439-40E7-BEDC-93056281892A}.Debug|Any CPU.Build.0 = Debug|Any CPU
		{7C2039EC-2439-40E7-BEDC-93056281892A}.Release|Any CPU.ActiveCfg = Release|Any CPU
		{7C2039EC-2439-40E7-BEDC-93056281892A}.Release|Any CPU.Build.0 = Release|Any CPU
		{47E4B828-E8BA-40B8-801B-04974DFEB34E}.Debug|Any CPU.ActiveCfg = Debug|Any CPU
		{47E4B828-E8BA-40B8-801B-04974DFEB34E}.Debug|Any CPU.Build.0 = Debug|Any CPU
		{47E4B828-E8BA-40B8-801B-04974DFEB34E}.Release|Any CPU.ActiveCfg = Release|Any CPU
		{47E4B828-E8BA-40B8-801B-04974DFEB34E}.Release|Any CPU.Build.0 = Release|Any CPU
	EndGlobalSection
	GlobalSection(SolutionProperties) = preSolution
		HideSolutionNode = FALSE
	EndGlobalSection
	GlobalSection(ExtensibilityGlobals) = postSolution
		SolutionGuid = {BF088646-48D3-459A-BACF-2213AAF45734}
	EndGlobalSection
	GlobalSection(NestedProjects) = preSolution
		{47E4B828-E8BA-40B8-801B-04974DFEB34E} = {1ABA0E8D-2D22-4C16-B947-39352D244B23}
	EndGlobalSection
EndGlobal
